
Microsoft Visual Studio Solution File, Format Version 12.00
# Visual Studio 2012
Project("{FAE04EC0-301F-11D3-BF4B-00C04F79EFBC}") = "DbPrimer", "DbPrimer\DbPrimer.csproj", "{01D49325-DA1D-48E8-9954-70526429FADB}"
EndProject
Project("{2150E333-8FDC-42A3-9474-1A3956D46DE8}") = "components", "components", "{3496D4F5-0821-4FB8-80A7-AA2841A22943}"
EndProject
Project("{FAE04EC0-301F-11D3-BF4B-00C04F79EFBC}") = "Core.MySQL.Accessor", "..\Core\Core.MySQL\Core.MySQL.Accessor\Core.MySQL.Accessor.csproj", "{B660952F-F570-4B20-BD5F-F3B600DD0F55}"
EndProject
Project("{FAE04EC0-301F-11D3-BF4B-00C04F79EFBC}") = "Clark.Domain.Component", "..\components\Clark.Domain.Component\Clark.Domain.Component.csproj", "{0FBCA027-5DD6-46E6-8E09-9F467CE35CBB}"
EndProject
Project("{FAE04EC0-301F-11D3-BF4B-00C04F79EFBC}") = "Clark.Domain.Data", "..\components\Clark.Domain.Data\Clark.Domain.Data.csproj", "{77EF616A-2DEF-4048-B188-1187C49C596F}"
EndProject
Project("{FAE04EC0-301F-11D3-BF4B-00C04F79EFBC}") = "Clark.Common", "..\utilities\Clark.Common\Clark.Common.csproj", "{890E5D7C-BCDE-48D7-AE97-7503B184735B}"
EndProject
Global
	GlobalSection(SolutionConfigurationPlatforms) = preSolution
		Debug|Any CPU = Debug|Any CPU
		Release|Any CPU = Release|Any CPU
	EndGlobalSection
	GlobalSection(ProjectConfigurationPlatforms) = postSolution
		{01D49325-DA1D-48E8-9954-70526429FADB}.Debug|Any CPU.ActiveCfg = Debug|Any CPU
		{01D49325-DA1D-48E8-9954-70526429FADB}.Debug|Any CPU.Build.0 = Debug|Any CPU
		{01D49325-DA1D-48E8-9954-70526429FADB}.Release|Any CPU.ActiveCfg = Release|Any CPU
		{01D49325-DA1D-48E8-9954-70526429FADB}.Release|Any CPU.Build.0 = Release|Any CPU
		{B660952F-F570-4B20-BD5F-F3B600DD0F55}.Debug|Any CPU.ActiveCfg = Debug|Any CPU
		{B660952F-F570-4B20-BD5F-F3B600DD0F55}.Debug|Any CPU.Build.0 = Debug|Any CPU
		{B660952F-F570-4B20-BD5F-F3B600DD0F55}.Release|Any CPU.ActiveCfg = Release|Any CPU
		{B660952F-F570-4B20-BD5F-F3B600DD0F55}.Release|Any CPU.Build.0 = Release|Any CPU
		{0FBCA027-5DD6-46E6-8E09-9F467CE35CBB}.Debug|Any CPU.ActiveCfg = Debug|Any CPU
		{0FBCA027-5DD6-46E6-8E09-9F467CE35CBB}.Debug|Any CPU.Build.0 = Debug|Any CPU
		{0FBCA027-5DD6-46E6-8E09-9F467CE35CBB}.Release|Any CPU.ActiveCfg = Release|Any CPU
		{0FBCA027-5DD6-46E6-8E09-9F467CE35CBB}.Release|Any CPU.Build.0 = Release|Any CPU
		{77EF616A-2DEF-4048-B188-1187C49C596F}.Debug|Any CPU.ActiveCfg = Debug|Any CPU
		{77EF616A-2DEF-4048-B188-1187C49C596F}.Debug|Any CPU.Build.0 = Debug|Any CPU
		{77EF616A-2DEF-4048-B188-1187C49C596F}.Release|Any CPU.ActiveCfg = Release|Any CPU
		{77EF616A-2DEF-4048-B188-1187C49C596F}.Release|Any CPU.Build.0 = Release|Any CPU
		{890E5D7C-BCDE-48D7-AE97-7503B184735B}.Debug|Any CPU.ActiveCfg = Debug|Any CPU
		{890E5D7C-BCDE-48D7-AE97-7503B184735B}.Debug|Any CPU.Build.0 = Debug|Any CPU
		{890E5D7C-BCDE-48D7-AE97-7503B184735B}.Release|Any CPU.ActiveCfg = Release|Any CPU
		{890E5D7C-BCDE-48D7-AE97-7503B184735B}.Release|Any CPU.Build.0 = Release|Any CPU
	EndGlobalSection
	GlobalSection(SolutionProperties) = preSolution
		HideSolutionNode = FALSE
	EndGlobalSection
	GlobalSection(NestedProjects) = preSolution
		{B660952F-F570-4B20-BD5F-F3B600DD0F55} = {3496D4F5-0821-4FB8-80A7-AA2841A22943}
		{0FBCA027-5DD6-46E6-8E09-9F467CE35CBB} = {3496D4F5-0821-4FB8-80A7-AA2841A22943}
		{77EF616A-2DEF-4048-B188-1187C49C596F} = {3496D4F5-0821-4FB8-80A7-AA2841A22943}
		{890E5D7C-BCDE-48D7-AE97-7503B184735B} = {3496D4F5-0821-4FB8-80A7-AA2841A22943}
	EndGlobalSection
EndGlobal
