
Microsoft Visual Studio Solution File, Format Version 12.00
# Visual Studio 2012
Project("{FAE04EC0-301F-11D3-BF4B-00C04F79EFBC}") = "Reiner", "Reiner\Reiner.csproj", "{A5F7FE74-F1FB-48B3-9325-FC760F718627}"
	ProjectSection(ProjectDependencies) = postProject
		{2F7F877D-2071-44BF-8A13-E4443B75ED05} = {2F7F877D-2071-44BF-8A13-E4443B75ED05}
	EndProjectSection
EndProject
Project("{2150E333-8FDC-42A3-9474-1A3956D46DE8}") = "Components", "Components", "{8EDBDBBB-D8DA-44BC-9DCB-5564D43F5545}"
EndProject
Project("{FAE04EC0-301F-11D3-BF4B-00C04F79EFBC}") = "Secretariat", "Secretariat\Secretariat.csproj", "{2F7F877D-2071-44BF-8A13-E4443B75ED05}"
EndProject
Project("{FAE04EC0-301F-11D3-BF4B-00C04F79EFBC}") = "Clark.Attack.Common", "..\utilities\Clark.Attack.Common\Clark.Attack.Common.csproj", "{2D39D92A-8100-4AC3-BFCB-4DAC3FBE74EC}"
EndProject
Project("{FAE04EC0-301F-11D3-BF4B-00C04F79EFBC}") = "Clark.Attack.ContentScanner", "..\utilities\Clark.Attack.ContentScanner\Clark.Attack.ContentScanner.csproj", "{43E64379-E346-41C3-8B36-9CF141101832}"
EndProject
Project("{FAE04EC0-301F-11D3-BF4B-00C04F79EFBC}") = "Clark.Attack.SocialMedia", "..\utilities\Clark.Attack.SocialMedia\Clark.Attack.SocialMedia.csproj", "{75F35386-9B03-4A04-B027-53C87C2C81CB}"
EndProject
Project("{FAE04EC0-301F-11D3-BF4B-00C04F79EFBC}") = "Clark.Common", "..\utilities\Clark.Common\Clark.Common.csproj", "{890E5D7C-BCDE-48D7-AE97-7503B184735B}"
EndProject
Project("{FAE04EC0-301F-11D3-BF4B-00C04F79EFBC}") = "Clark.Subdomain", "..\utilities\Clark.Subdomain\Clark.Subdomain.csproj", "{C6AECA42-BA9B-477B-B97D-7320325BAA40}"
EndProject
Project("{FAE04EC0-301F-11D3-BF4B-00C04F79EFBC}") = "Clark.Logger", "..\utilities\Clark.Logger\Clark.Logger.csproj", "{B77CFB57-FF5A-4637-BFBF-628289CDD303}"
EndProject
Project("{FAE04EC0-301F-11D3-BF4B-00C04F79EFBC}") = "Clark.Attack.InformationLeak", "..\utilities\Clark.Attack.InformationLeak\Clark.Attack.InformationLeak.csproj", "{48563205-A805-441A-958A-A97EA48364FE}"
EndProject
Project("{FAE04EC0-301F-11D3-BF4B-00C04F79EFBC}") = "Clark.Attack.CRLF", "..\utilities\Clark.Attack.CRLF\Clark.Attack.CRLF.csproj", "{C4531649-6C8B-4EF2-844F-9A669F03278C}"
EndProject
Project("{2150E333-8FDC-42A3-9474-1A3956D46DE8}") = "Attacks", "Attacks", "{86A8E752-AD25-4576-B4B4-F0FF8A846CC3}"
EndProject
Project("{FAE04EC0-301F-11D3-BF4B-00C04F79EFBC}") = "Clark.Attack.Dependency", "..\utilities\Clark.Attack.Dependency\Clark.Attack.Dependency.csproj", "{2D2D4220-BB8B-44A3-B8AD-4D27CB0D72CF}"
EndProject
Project("{FAE04EC0-301F-11D3-BF4B-00C04F79EFBC}") = "Clark.Attack.VulnerableFiles", "..\utilities\Clark.Attack.VulnerableFiles\Clark.Attack.VulnerableFiles.csproj", "{5C451805-52B8-4897-ABFD-FBD9CB55A085}"
EndProject
Project("{FAE04EC0-301F-11D3-BF4B-00C04F79EFBC}") = "Clark.Attack.HTTPHeader", "..\utilities\Clark.Attack.HTTPHeader\Clark.Attack.HTTPHeader.csproj", "{00054FA8-C4D2-489D-9CCC-490F196B5A35}"
EndProject
Global
	GlobalSection(SolutionConfigurationPlatforms) = preSolution
		Debug|Any CPU = Debug|Any CPU
		Release|Any CPU = Release|Any CPU
	EndGlobalSection
	GlobalSection(ProjectConfigurationPlatforms) = postSolution
		{A5F7FE74-F1FB-48B3-9325-FC760F718627}.Debug|Any CPU.ActiveCfg = Debug|Any CPU
		{A5F7FE74-F1FB-48B3-9325-FC760F718627}.Debug|Any CPU.Build.0 = Debug|Any CPU
		{A5F7FE74-F1FB-48B3-9325-FC760F718627}.Release|Any CPU.ActiveCfg = Release|Any CPU
		{A5F7FE74-F1FB-48B3-9325-FC760F718627}.Release|Any CPU.Build.0 = Release|Any CPU
		{2F7F877D-2071-44BF-8A13-E4443B75ED05}.Debug|Any CPU.ActiveCfg = Debug|Any CPU
		{2F7F877D-2071-44BF-8A13-E4443B75ED05}.Debug|Any CPU.Build.0 = Debug|Any CPU
		{2F7F877D-2071-44BF-8A13-E4443B75ED05}.Release|Any CPU.ActiveCfg = Release|Any CPU
		{2F7F877D-2071-44BF-8A13-E4443B75ED05}.Release|Any CPU.Build.0 = Release|Any CPU
		{2D39D92A-8100-4AC3-BFCB-4DAC3FBE74EC}.Debug|Any CPU.ActiveCfg = Debug|Any CPU
		{2D39D92A-8100-4AC3-BFCB-4DAC3FBE74EC}.Debug|Any CPU.Build.0 = Debug|Any CPU
		{2D39D92A-8100-4AC3-BFCB-4DAC3FBE74EC}.Release|Any CPU.ActiveCfg = Release|Any CPU
		{2D39D92A-8100-4AC3-BFCB-4DAC3FBE74EC}.Release|Any CPU.Build.0 = Release|Any CPU
		{43E64379-E346-41C3-8B36-9CF141101832}.Debug|Any CPU.ActiveCfg = Debug|Any CPU
		{43E64379-E346-41C3-8B36-9CF141101832}.Debug|Any CPU.Build.0 = Debug|Any CPU
		{43E64379-E346-41C3-8B36-9CF141101832}.Release|Any CPU.ActiveCfg = Release|Any CPU
		{43E64379-E346-41C3-8B36-9CF141101832}.Release|Any CPU.Build.0 = Release|Any CPU
		{75F35386-9B03-4A04-B027-53C87C2C81CB}.Debug|Any CPU.ActiveCfg = Debug|Any CPU
		{75F35386-9B03-4A04-B027-53C87C2C81CB}.Debug|Any CPU.Build.0 = Debug|Any CPU
		{75F35386-9B03-4A04-B027-53C87C2C81CB}.Release|Any CPU.ActiveCfg = Release|Any CPU
		{75F35386-9B03-4A04-B027-53C87C2C81CB}.Release|Any CPU.Build.0 = Release|Any CPU
		{890E5D7C-BCDE-48D7-AE97-7503B184735B}.Debug|Any CPU.ActiveCfg = Debug|Any CPU
		{890E5D7C-BCDE-48D7-AE97-7503B184735B}.Debug|Any CPU.Build.0 = Debug|Any CPU
		{890E5D7C-BCDE-48D7-AE97-7503B184735B}.Release|Any CPU.ActiveCfg = Release|Any CPU
		{890E5D7C-BCDE-48D7-AE97-7503B184735B}.Release|Any CPU.Build.0 = Release|Any CPU
		{C6AECA42-BA9B-477B-B97D-7320325BAA40}.Debug|Any CPU.ActiveCfg = Debug|Any CPU
		{C6AECA42-BA9B-477B-B97D-7320325BAA40}.Debug|Any CPU.Build.0 = Debug|Any CPU
		{C6AECA42-BA9B-477B-B97D-7320325BAA40}.Release|Any CPU.ActiveCfg = Release|Any CPU
		{C6AECA42-BA9B-477B-B97D-7320325BAA40}.Release|Any CPU.Build.0 = Release|Any CPU
		{B77CFB57-FF5A-4637-BFBF-628289CDD303}.Debug|Any CPU.ActiveCfg = Debug|Any CPU
		{B77CFB57-FF5A-4637-BFBF-628289CDD303}.Debug|Any CPU.Build.0 = Debug|Any CPU
		{B77CFB57-FF5A-4637-BFBF-628289CDD303}.Release|Any CPU.ActiveCfg = Release|Any CPU
		{B77CFB57-FF5A-4637-BFBF-628289CDD303}.Release|Any CPU.Build.0 = Release|Any CPU
		{48563205-A805-441A-958A-A97EA48364FE}.Debug|Any CPU.ActiveCfg = Debug|Any CPU
		{48563205-A805-441A-958A-A97EA48364FE}.Debug|Any CPU.Build.0 = Debug|Any CPU
		{48563205-A805-441A-958A-A97EA48364FE}.Release|Any CPU.ActiveCfg = Release|Any CPU
		{48563205-A805-441A-958A-A97EA48364FE}.Release|Any CPU.Build.0 = Release|Any CPU
		{C4531649-6C8B-4EF2-844F-9A669F03278C}.Debug|Any CPU.ActiveCfg = Debug|Any CPU
		{C4531649-6C8B-4EF2-844F-9A669F03278C}.Debug|Any CPU.Build.0 = Debug|Any CPU
		{C4531649-6C8B-4EF2-844F-9A669F03278C}.Release|Any CPU.ActiveCfg = Release|Any CPU
		{C4531649-6C8B-4EF2-844F-9A669F03278C}.Release|Any CPU.Build.0 = Release|Any CPU
		{2D2D4220-BB8B-44A3-B8AD-4D27CB0D72CF}.Debug|Any CPU.ActiveCfg = Debug|Any CPU
		{2D2D4220-BB8B-44A3-B8AD-4D27CB0D72CF}.Debug|Any CPU.Build.0 = Debug|Any CPU
		{2D2D4220-BB8B-44A3-B8AD-4D27CB0D72CF}.Release|Any CPU.ActiveCfg = Release|Any CPU
		{2D2D4220-BB8B-44A3-B8AD-4D27CB0D72CF}.Release|Any CPU.Build.0 = Release|Any CPU
		{5C451805-52B8-4897-ABFD-FBD9CB55A085}.Debug|Any CPU.ActiveCfg = Debug|Any CPU
		{5C451805-52B8-4897-ABFD-FBD9CB55A085}.Debug|Any CPU.Build.0 = Debug|Any CPU
		{5C451805-52B8-4897-ABFD-FBD9CB55A085}.Release|Any CPU.ActiveCfg = Release|Any CPU
		{5C451805-52B8-4897-ABFD-FBD9CB55A085}.Release|Any CPU.Build.0 = Release|Any CPU
		{00054FA8-C4D2-489D-9CCC-490F196B5A35}.Debug|Any CPU.ActiveCfg = Debug|Any CPU
		{00054FA8-C4D2-489D-9CCC-490F196B5A35}.Debug|Any CPU.Build.0 = Debug|Any CPU
		{00054FA8-C4D2-489D-9CCC-490F196B5A35}.Release|Any CPU.ActiveCfg = Release|Any CPU
		{00054FA8-C4D2-489D-9CCC-490F196B5A35}.Release|Any CPU.Build.0 = Release|Any CPU
	EndGlobalSection
	GlobalSection(SolutionProperties) = preSolution
		HideSolutionNode = FALSE
	EndGlobalSection
	GlobalSection(NestedProjects) = preSolution
		{890E5D7C-BCDE-48D7-AE97-7503B184735B} = {8EDBDBBB-D8DA-44BC-9DCB-5564D43F5545}
		{C6AECA42-BA9B-477B-B97D-7320325BAA40} = {8EDBDBBB-D8DA-44BC-9DCB-5564D43F5545}
		{B77CFB57-FF5A-4637-BFBF-628289CDD303} = {8EDBDBBB-D8DA-44BC-9DCB-5564D43F5545}
		{86A8E752-AD25-4576-B4B4-F0FF8A846CC3} = {8EDBDBBB-D8DA-44BC-9DCB-5564D43F5545}
		{75F35386-9B03-4A04-B027-53C87C2C81CB} = {86A8E752-AD25-4576-B4B4-F0FF8A846CC3}
		{2D39D92A-8100-4AC3-BFCB-4DAC3FBE74EC} = {86A8E752-AD25-4576-B4B4-F0FF8A846CC3}
		{43E64379-E346-41C3-8B36-9CF141101832} = {86A8E752-AD25-4576-B4B4-F0FF8A846CC3}
		{C4531649-6C8B-4EF2-844F-9A669F03278C} = {86A8E752-AD25-4576-B4B4-F0FF8A846CC3}
		{48563205-A805-441A-958A-A97EA48364FE} = {86A8E752-AD25-4576-B4B4-F0FF8A846CC3}
		{2D2D4220-BB8B-44A3-B8AD-4D27CB0D72CF} = {86A8E752-AD25-4576-B4B4-F0FF8A846CC3}
		{5C451805-52B8-4897-ABFD-FBD9CB55A085} = {86A8E752-AD25-4576-B4B4-F0FF8A846CC3}
		{00054FA8-C4D2-489D-9CCC-490F196B5A35} = {86A8E752-AD25-4576-B4B4-F0FF8A846CC3}
	EndGlobalSection
EndGlobal
