
Microsoft Visual Studio Solution File, Format Version 12.00
# Visual Studio 2012
Project("{FAE04EC0-301F-11D3-BF4B-00C04F79EFBC}") = "Reiner", "Reiner\Reiner.csproj", "{A5F7FE74-F1FB-48B3-9325-FC760F718627}"
	ProjectSection(ProjectDependencies) = postProject
		{2F7F877D-2071-44BF-8A13-E4443B75ED05} = {2F7F877D-2071-44BF-8A13-E4443B75ED05}
	EndProjectSection
EndProject
Project("{2150E333-8FDC-42A3-9474-1A3956D46DE8}") = "Components", "Components", "{8EDBDBBB-D8DA-44BC-9DCB-5564D43F5545}"
EndProject
Project("{FAE04EC0-301F-11D3-BF4B-00C04F79EFBC}") = "Secretariat", "Secretariat\Secretariat.csproj", "{2F7F877D-2071-44BF-8A13-E4443B75ED05}"
EndProject
Project("{FAE04EC0-301F-11D3-BF4B-00C04F79EFBC}") = "Clark.Attack.Common", "..\utilities\Clark.Attack.Common\Clark.Attack.Common.csproj", "{2D39D92A-8100-4AC3-BFCB-4DAC3FBE74EC}"
EndProject
Project("{FAE04EC0-301F-11D3-BF4B-00C04F79EFBC}") = "Clark.Attack.ContentScanner", "..\utilities\Clark.Attack.ContentScanner\Clark.Attack.ContentScanner.csproj", "{43E64379-E346-41C3-8B36-9CF141101832}"
EndProject
Project("{FAE04EC0-301F-11D3-BF4B-00C04F79EFBC}") = "Clark.Attack.SocialMedia", "..\utilities\Clark.Attack.SocialMedia\Clark.Attack.SocialMedia.csproj", "{75F35386-9B03-4A04-B027-53C87C2C81CB}"
EndProject
Project("{FAE04EC0-301F-11D3-BF4B-00C04F79EFBC}") = "Clark.Common", "..\utilities\Clark.Common\Clark.Common.csproj", "{890E5D7C-BCDE-48D7-AE97-7503B184735B}"
EndProject
Project("{FAE04EC0-301F-11D3-BF4B-00C04F79EFBC}") = "Clark.Subdomain", "..\utilities\Clark.Subdomain\Clark.Subdomain.csproj", "{C6AECA42-BA9B-477B-B97D-7320325BAA40}"
EndProject
Project("{FAE04EC0-301F-11D3-BF4B-00C04F79EFBC}") = "Clark.Logger", "..\utilities\Clark.Logger\Clark.Logger.csproj", "{B77CFB57-FF5A-4637-BFBF-628289CDD303}"
EndProject
Project("{FAE04EC0-301F-11D3-BF4B-00C04F79EFBC}") = "Clark.Attack.InformationLeak", "..\utilities\Clark.Attack.InformationLeak\Clark.Attack.InformationLeak.csproj", "{48563205-A805-441A-958A-A97EA48364FE}"
EndProject
Project("{FAE04EC0-301F-11D3-BF4B-00C04F79EFBC}") = "Clark.Attack.CRLF", "..\utilities\Clark.Attack.CRLF\Clark.Attack.CRLF.csproj", "{C4531649-6C8B-4EF2-844F-9A669F03278C}"
EndProject
Project("{2150E333-8FDC-42A3-9474-1A3956D46DE8}") = "Attacks", "Attacks", "{86A8E752-AD25-4576-B4B4-F0FF8A846CC3}"
EndProject
Project("{FAE04EC0-301F-11D3-BF4B-00C04F79EFBC}") = "Clark.Attack.Dependency", "..\utilities\Clark.Attack.Dependency\Clark.Attack.Dependency.csproj", "{2D2D4220-BB8B-44A3-B8AD-4D27CB0D72CF}"
EndProject
Project("{FAE04EC0-301F-11D3-BF4B-00C04F79EFBC}") = "Clark.Attack.VulnerableFiles", "..\utilities\Clark.Attack.VulnerableFiles\Clark.Attack.VulnerableFiles.csproj", "{5C451805-52B8-4897-ABFD-FBD9CB55A085}"
EndProject
Project("{FAE04EC0-301F-11D3-BF4B-00C04F79EFBC}") = "Clark.Attack.HTTPHeader", "..\utilities\Clark.Attack.HTTPHeader\Clark.Attack.HTTPHeader.csproj", "{00054FA8-C4D2-489D-9CCC-490F196B5A35}"
EndProject
Project("{FAE04EC0-301F-11D3-BF4B-00C04F79EFBC}") = "Clark.Attack.CSP", "..\utilities\Clark.Attack.CSP\Clark.Attack.CSP.csproj", "{A6C7C0A5-B24D-4407-9DA6-89E32B7CCBE7}"
EndProject
Project("{FAE04EC0-301F-11D3-BF4B-00C04F79EFBC}") = "Clark.Attack.HTTPResponse", "..\utilities\Clark.Attack.HTTPResponse\Clark.Attack.HTTPResponse.csproj", "{6DCD2E6C-5121-4DB1-B6DA-ABB8A8B10D3D}"
EndProject
Project("{FAE04EC0-301F-11D3-BF4B-00C04F79EFBC}") = "Clark.Attack.FileUpload", "..\utilities\Clark.Attack.FileUpload\Clark.Attack.FileUpload.csproj", "{DD11034A-EE24-44CF-90F7-5F5D688EACA3}"
EndProject
Project("{FAE04EC0-301F-11D3-BF4B-00C04F79EFBC}") = "Clark.Attack.Redirect", "..\utilities\Clark.Attack.Redirect\Clark.Attack.Redirect.csproj", "{3F4329D3-24D7-4B93-8851-8216E7865723}"
EndProject
Project("{FAE04EC0-301F-11D3-BF4B-00C04F79EFBC}") = "Clark.Attack.SSRF", "..\utilities\Clark.Attack.SSRF\Clark.Attack.SSRF\Clark.Attack.SSRF.csproj", "{17756C4F-B417-4481-B734-24B1E174507A}"
EndProject
Project("{FAE04EC0-301F-11D3-BF4B-00C04F79EFBC}") = "Clark.Crawler2", "..\utilities\Clark.Crawler2\Clark.Crawler2.csproj", "{23A2A535-560E-4AA8-BEBB-DFC013655F19}"
EndProject
Global
	GlobalSection(SolutionConfigurationPlatforms) = preSolution
		Debug|Any CPU = Debug|Any CPU
		Release|Any CPU = Release|Any CPU
	EndGlobalSection
	GlobalSection(ProjectConfigurationPlatforms) = postSolution
		{A5F7FE74-F1FB-48B3-9325-FC760F718627}.Debug|Any CPU.ActiveCfg = Debug|Any CPU
		{A5F7FE74-F1FB-48B3-9325-FC760F718627}.Debug|Any CPU.Build.0 = Debug|Any CPU
		{A5F7FE74-F1FB-48B3-9325-FC760F718627}.Release|Any CPU.ActiveCfg = Release|Any CPU
		{A5F7FE74-F1FB-48B3-9325-FC760F718627}.Release|Any CPU.Build.0 = Release|Any CPU
		{2F7F877D-2071-44BF-8A13-E4443B75ED05}.Debug|Any CPU.ActiveCfg = Debug|Any CPU
		{2F7F877D-2071-44BF-8A13-E4443B75ED05}.Debug|Any CPU.Build.0 = Debug|Any CPU
		{2F7F877D-2071-44BF-8A13-E4443B75ED05}.Release|Any CPU.ActiveCfg = Release|Any CPU
		{2F7F877D-2071-44BF-8A13-E4443B75ED05}.Release|Any CPU.Build.0 = Release|Any CPU
		{2D39D92A-8100-4AC3-BFCB-4DAC3FBE74EC}.Debug|Any CPU.ActiveCfg = Debug|Any CPU
		{2D39D92A-8100-4AC3-BFCB-4DAC3FBE74EC}.Debug|Any CPU.Build.0 = Debug|Any CPU
		{2D39D92A-8100-4AC3-BFCB-4DAC3FBE74EC}.Release|Any CPU.ActiveCfg = Release|Any CPU
		{2D39D92A-8100-4AC3-BFCB-4DAC3FBE74EC}.Release|Any CPU.Build.0 = Release|Any CPU
		{43E64379-E346-41C3-8B36-9CF141101832}.Debug|Any CPU.ActiveCfg = Debug|Any CPU
		{43E64379-E346-41C3-8B36-9CF141101832}.Debug|Any CPU.Build.0 = Debug|Any CPU
		{43E64379-E346-41C3-8B36-9CF141101832}.Release|Any CPU.ActiveCfg = Release|Any CPU
		{43E64379-E346-41C3-8B36-9CF141101832}.Release|Any CPU.Build.0 = Release|Any CPU
		{75F35386-9B03-4A04-B027-53C87C2C81CB}.Debug|Any CPU.ActiveCfg = Debug|Any CPU
		{75F35386-9B03-4A04-B027-53C87C2C81CB}.Debug|Any CPU.Build.0 = Debug|Any CPU
		{75F35386-9B03-4A04-B027-53C87C2C81CB}.Release|Any CPU.ActiveCfg = Release|Any CPU
		{75F35386-9B03-4A04-B027-53C87C2C81CB}.Release|Any CPU.Build.0 = Release|Any CPU
		{890E5D7C-BCDE-48D7-AE97-7503B184735B}.Debug|Any CPU.ActiveCfg = Debug|Any CPU
		{890E5D7C-BCDE-48D7-AE97-7503B184735B}.Debug|Any CPU.Build.0 = Debug|Any CPU
		{890E5D7C-BCDE-48D7-AE97-7503B184735B}.Release|Any CPU.ActiveCfg = Release|Any CPU
		{890E5D7C-BCDE-48D7-AE97-7503B184735B}.Release|Any CPU.Build.0 = Release|Any CPU
		{C6AECA42-BA9B-477B-B97D-7320325BAA40}.Debug|Any CPU.ActiveCfg = Debug|Any CPU
		{C6AECA42-BA9B-477B-B97D-7320325BAA40}.Debug|Any CPU.Build.0 = Debug|Any CPU
		{C6AECA42-BA9B-477B-B97D-7320325BAA40}.Release|Any CPU.ActiveCfg = Release|Any CPU
		{C6AECA42-BA9B-477B-B97D-7320325BAA40}.Release|Any CPU.Build.0 = Release|Any CPU
		{B77CFB57-FF5A-4637-BFBF-628289CDD303}.Debug|Any CPU.ActiveCfg = Debug|Any CPU
		{B77CFB57-FF5A-4637-BFBF-628289CDD303}.Debug|Any CPU.Build.0 = Debug|Any CPU
		{B77CFB57-FF5A-4637-BFBF-628289CDD303}.Release|Any CPU.ActiveCfg = Release|Any CPU
		{B77CFB57-FF5A-4637-BFBF-628289CDD303}.Release|Any CPU.Build.0 = Release|Any CPU
		{48563205-A805-441A-958A-A97EA48364FE}.Debug|Any CPU.ActiveCfg = Debug|Any CPU
		{48563205-A805-441A-958A-A97EA48364FE}.Debug|Any CPU.Build.0 = Debug|Any CPU
		{48563205-A805-441A-958A-A97EA48364FE}.Release|Any CPU.ActiveCfg = Release|Any CPU
		{48563205-A805-441A-958A-A97EA48364FE}.Release|Any CPU.Build.0 = Release|Any CPU
		{C4531649-6C8B-4EF2-844F-9A669F03278C}.Debug|Any CPU.ActiveCfg = Debug|Any CPU
		{C4531649-6C8B-4EF2-844F-9A669F03278C}.Debug|Any CPU.Build.0 = Debug|Any CPU
		{C4531649-6C8B-4EF2-844F-9A669F03278C}.Release|Any CPU.ActiveCfg = Release|Any CPU
		{C4531649-6C8B-4EF2-844F-9A669F03278C}.Release|Any CPU.Build.0 = Release|Any CPU
		{2D2D4220-BB8B-44A3-B8AD-4D27CB0D72CF}.Debug|Any CPU.ActiveCfg = Debug|Any CPU
		{2D2D4220-BB8B-44A3-B8AD-4D27CB0D72CF}.Debug|Any CPU.Build.0 = Debug|Any CPU
		{2D2D4220-BB8B-44A3-B8AD-4D27CB0D72CF}.Release|Any CPU.ActiveCfg = Release|Any CPU
		{2D2D4220-BB8B-44A3-B8AD-4D27CB0D72CF}.Release|Any CPU.Build.0 = Release|Any CPU
		{5C451805-52B8-4897-ABFD-FBD9CB55A085}.Debug|Any CPU.ActiveCfg = Debug|Any CPU
		{5C451805-52B8-4897-ABFD-FBD9CB55A085}.Debug|Any CPU.Build.0 = Debug|Any CPU
		{5C451805-52B8-4897-ABFD-FBD9CB55A085}.Release|Any CPU.ActiveCfg = Release|Any CPU
		{5C451805-52B8-4897-ABFD-FBD9CB55A085}.Release|Any CPU.Build.0 = Release|Any CPU
		{00054FA8-C4D2-489D-9CCC-490F196B5A35}.Debug|Any CPU.ActiveCfg = Debug|Any CPU
		{00054FA8-C4D2-489D-9CCC-490F196B5A35}.Debug|Any CPU.Build.0 = Debug|Any CPU
		{00054FA8-C4D2-489D-9CCC-490F196B5A35}.Release|Any CPU.ActiveCfg = Release|Any CPU
		{00054FA8-C4D2-489D-9CCC-490F196B5A35}.Release|Any CPU.Build.0 = Release|Any CPU
		{A6C7C0A5-B24D-4407-9DA6-89E32B7CCBE7}.Debug|Any CPU.ActiveCfg = Debug|Any CPU
		{A6C7C0A5-B24D-4407-9DA6-89E32B7CCBE7}.Debug|Any CPU.Build.0 = Debug|Any CPU
		{A6C7C0A5-B24D-4407-9DA6-89E32B7CCBE7}.Release|Any CPU.ActiveCfg = Release|Any CPU
		{A6C7C0A5-B24D-4407-9DA6-89E32B7CCBE7}.Release|Any CPU.Build.0 = Release|Any CPU
		{6DCD2E6C-5121-4DB1-B6DA-ABB8A8B10D3D}.Debug|Any CPU.ActiveCfg = Debug|Any CPU
		{6DCD2E6C-5121-4DB1-B6DA-ABB8A8B10D3D}.Debug|Any CPU.Build.0 = Debug|Any CPU
		{6DCD2E6C-5121-4DB1-B6DA-ABB8A8B10D3D}.Release|Any CPU.ActiveCfg = Release|Any CPU
		{6DCD2E6C-5121-4DB1-B6DA-ABB8A8B10D3D}.Release|Any CPU.Build.0 = Release|Any CPU
		{DD11034A-EE24-44CF-90F7-5F5D688EACA3}.Debug|Any CPU.ActiveCfg = Debug|Any CPU
		{DD11034A-EE24-44CF-90F7-5F5D688EACA3}.Debug|Any CPU.Build.0 = Debug|Any CPU
		{DD11034A-EE24-44CF-90F7-5F5D688EACA3}.Release|Any CPU.ActiveCfg = Release|Any CPU
		{DD11034A-EE24-44CF-90F7-5F5D688EACA3}.Release|Any CPU.Build.0 = Release|Any CPU
		{3F4329D3-24D7-4B93-8851-8216E7865723}.Debug|Any CPU.ActiveCfg = Debug|Any CPU
		{3F4329D3-24D7-4B93-8851-8216E7865723}.Debug|Any CPU.Build.0 = Debug|Any CPU
		{3F4329D3-24D7-4B93-8851-8216E7865723}.Release|Any CPU.ActiveCfg = Release|Any CPU
		{3F4329D3-24D7-4B93-8851-8216E7865723}.Release|Any CPU.Build.0 = Release|Any CPU
		{17756C4F-B417-4481-B734-24B1E174507A}.Debug|Any CPU.ActiveCfg = Debug|Any CPU
		{17756C4F-B417-4481-B734-24B1E174507A}.Debug|Any CPU.Build.0 = Debug|Any CPU
		{17756C4F-B417-4481-B734-24B1E174507A}.Release|Any CPU.ActiveCfg = Release|Any CPU
		{17756C4F-B417-4481-B734-24B1E174507A}.Release|Any CPU.Build.0 = Release|Any CPU
		{23A2A535-560E-4AA8-BEBB-DFC013655F19}.Debug|Any CPU.ActiveCfg = Debug|Any CPU
		{23A2A535-560E-4AA8-BEBB-DFC013655F19}.Debug|Any CPU.Build.0 = Debug|Any CPU
		{23A2A535-560E-4AA8-BEBB-DFC013655F19}.Release|Any CPU.ActiveCfg = Release|Any CPU
		{23A2A535-560E-4AA8-BEBB-DFC013655F19}.Release|Any CPU.Build.0 = Release|Any CPU
	EndGlobalSection
	GlobalSection(SolutionProperties) = preSolution
		HideSolutionNode = FALSE
	EndGlobalSection
	GlobalSection(NestedProjects) = preSolution
		{86A8E752-AD25-4576-B4B4-F0FF8A846CC3} = {8EDBDBBB-D8DA-44BC-9DCB-5564D43F5545}
		{890E5D7C-BCDE-48D7-AE97-7503B184735B} = {8EDBDBBB-D8DA-44BC-9DCB-5564D43F5545}
		{C6AECA42-BA9B-477B-B97D-7320325BAA40} = {8EDBDBBB-D8DA-44BC-9DCB-5564D43F5545}
		{B77CFB57-FF5A-4637-BFBF-628289CDD303} = {8EDBDBBB-D8DA-44BC-9DCB-5564D43F5545}
		{23A2A535-560E-4AA8-BEBB-DFC013655F19} = {8EDBDBBB-D8DA-44BC-9DCB-5564D43F5545}
		{43E64379-E346-41C3-8B36-9CF141101832} = {86A8E752-AD25-4576-B4B4-F0FF8A846CC3}
		{75F35386-9B03-4A04-B027-53C87C2C81CB} = {86A8E752-AD25-4576-B4B4-F0FF8A846CC3}
		{48563205-A805-441A-958A-A97EA48364FE} = {86A8E752-AD25-4576-B4B4-F0FF8A846CC3}
		{C4531649-6C8B-4EF2-844F-9A669F03278C} = {86A8E752-AD25-4576-B4B4-F0FF8A846CC3}
		{2D39D92A-8100-4AC3-BFCB-4DAC3FBE74EC} = {86A8E752-AD25-4576-B4B4-F0FF8A846CC3}
		{2D2D4220-BB8B-44A3-B8AD-4D27CB0D72CF} = {86A8E752-AD25-4576-B4B4-F0FF8A846CC3}
		{5C451805-52B8-4897-ABFD-FBD9CB55A085} = {86A8E752-AD25-4576-B4B4-F0FF8A846CC3}
		{00054FA8-C4D2-489D-9CCC-490F196B5A35} = {86A8E752-AD25-4576-B4B4-F0FF8A846CC3}
		{A6C7C0A5-B24D-4407-9DA6-89E32B7CCBE7} = {86A8E752-AD25-4576-B4B4-F0FF8A846CC3}
		{6DCD2E6C-5121-4DB1-B6DA-ABB8A8B10D3D} = {86A8E752-AD25-4576-B4B4-F0FF8A846CC3}
		{DD11034A-EE24-44CF-90F7-5F5D688EACA3} = {86A8E752-AD25-4576-B4B4-F0FF8A846CC3}
		{3F4329D3-24D7-4B93-8851-8216E7865723} = {86A8E752-AD25-4576-B4B4-F0FF8A846CC3}
		{17756C4F-B417-4481-B734-24B1E174507A} = {86A8E752-AD25-4576-B4B4-F0FF8A846CC3}
	EndGlobalSection
EndGlobal
